
Microsoft Visual Studio Solution File, Format Version 12.00
# Visual Studio Version 17
VisualStudioVersion = 17.14.36414.22 d17.14
MinimumVisualStudioVersion = 10.0.40219.1
Project("{FAE04EC0-301F-11D3-BF4B-00C04F79EFBC}") = "Lab_Rab_1_2_Husainova R.Z._BPI_23_02", "Lab_Rab_1_2_Husainova R.Z._BPI_23_02\Lab_Rab_1_2_Husainova R.Z._BPI_23_02.csproj", "{5B88BFC9-C9FE-4A3D-874F-F13783927924}"
EndProject
Global
	GlobalSection(SolutionConfigurationPlatforms) = preSolution
		Debug|Any CPU = Debug|Any CPU
		Release|Any CPU = Release|Any CPU
	EndGlobalSection
	GlobalSection(ProjectConfigurationPlatforms) = postSolution
		{5B88BFC9-C9FE-4A3D-874F-F13783927924}.Debug|Any CPU.ActiveCfg = Debug|Any CPU
		{5B88BFC9-C9FE-4A3D-874F-F13783927924}.Debug|Any CPU.Build.0 = Debug|Any CPU
		{5B88BFC9-C9FE-4A3D-874F-F13783927924}.Release|Any CPU.ActiveCfg = Release|Any CPU
		{5B88BFC9-C9FE-4A3D-874F-F13783927924}.Release|Any CPU.Build.0 = Release|Any CPU
	EndGlobalSection
	GlobalSection(SolutionProperties) = preSolution
		HideSolutionNode = FALSE
	EndGlobalSection
	GlobalSection(ExtensibilityGlobals) = postSolution
		SolutionGuid = {40D86F26-A6E8-4BB6-9AD8-1F1FC0631802}
	EndGlobalSection
EndGlobal
